
Microsoft Visual Studio Solution File, Format Version 12.00
# Visual Studio 2012
Project("{FAE04EC0-301F-11D3-BF4B-00C04F79EFBC}") = "CrystalReportImage", "CrystalReportImage\CrystalReportImage.csproj", "{0442E355-E656-4862-B8A0-9E61CC9E282C}"
EndProject
Global
	GlobalSection(SolutionConfigurationPlatforms) = preSolution
		Debug|Any CPU = Debug|Any CPU
		Release|Any CPU = Release|Any CPU
	EndGlobalSection
	GlobalSection(ProjectConfigurationPlatforms) = postSolution
		{0442E355-E656-4862-B8A0-9E61CC9E282C}.Debug|Any CPU.ActiveCfg = Debug|Any CPU
		{0442E355-E656-4862-B8A0-9E61CC9E282C}.Debug|Any CPU.Build.0 = Debug|Any CPU
		{0442E355-E656-4862-B8A0-9E61CC9E282C}.Release|Any CPU.ActiveCfg = Release|Any CPU
		{0442E355-E656-4862-B8A0-9E61CC9E282C}.Release|Any CPU.Build.0 = Release|Any CPU
	EndGlobalSection
	GlobalSection(SolutionProperties) = preSolution
		HideSolutionNode = FALSE
	EndGlobalSection
EndGlobal
